// !$*UTF8*$!
{
	archiveVersion = 1;
	classes = {
	};
	objectVersion = 51;
	objects = {

/* Begin PBXBuildFile section */
		3A3C5F46257CF0F3007D3C83 /* dadaya.xcdatamodeld in Resources */ = {isa = PBXBuildFile; fileRef = 3A9C3AE4257108DF00A3D051 /* dadaya.xcdatamodeld */; };
		3A3C5F49257CF24D007D3C83 /* CoreDataManager.swift in Sources */ = {isa = PBXBuildFile; fileRef = 3A3C5F48257CF24D007D3C83 /* CoreDataManager.swift */; };
		3A7E3FC6257FB5C900F89900 /* WeatherViewController.swift in Sources */ = {isa = PBXBuildFile; fileRef = 3A7E3FC5257FB5C900F89900 /* WeatherViewController.swift */; };
		3A7E3FCE257FB64800F89900 /* WeatherData.swift in Sources */ = {isa = PBXBuildFile; fileRef = 3A7E3FCD257FB64800F89900 /* WeatherData.swift */; };
		3A99CCE92571152D0077D030 /* CoreViewController.swift in Sources */ = {isa = PBXBuildFile; fileRef = 3A99CCE82571152D0077D030 /* CoreViewController.swift */; };
		3A9C3ADC257108DF00A3D051 /* AppDelegate.swift in Sources */ = {isa = PBXBuildFile; fileRef = 3A9C3ADB257108DF00A3D051 /* AppDelegate.swift */; };
		3A9C3ADE257108DF00A3D051 /* SceneDelegate.swift in Sources */ = {isa = PBXBuildFile; fileRef = 3A9C3ADD257108DF00A3D051 /* SceneDelegate.swift */; };
		3A9C3AE0257108DF00A3D051 /* ViewController.swift in Sources */ = {isa = PBXBuildFile; fileRef = 3A9C3ADF257108DF00A3D051 /* ViewController.swift */; };
		3A9C3AE3257108DF00A3D051 /* Main.storyboard in Resources */ = {isa = PBXBuildFile; fileRef = 3A9C3AE1257108DF00A3D051 /* Main.storyboard */; };
		3A9C3AE8257108E300A3D051 /* Assets.xcassets in Resources */ = {isa = PBXBuildFile; fileRef = 3A9C3AE7257108E300A3D051 /* Assets.xcassets */; };
		3A9C3AEB257108E300A3D051 /* LaunchScreen.storyboard in Resources */ = {isa = PBXBuildFile; fileRef = 3A9C3AE9257108E300A3D051 /* LaunchScreen.storyboard */; };
		3A9C3AF42571091400A3D051 /* UserDefaultsViewController.swift in Sources */ = {isa = PBXBuildFile; fileRef = 3A9C3AF32571091400A3D051 /* UserDefaultsViewController.swift */; };
		3A9C3AF72571092D00A3D051 /* Persistance.swift in Sources */ = {isa = PBXBuildFile; fileRef = 3A9C3AF62571092D00A3D051 /* Persistance.swift */; };
		3AA4B23B257CECBB001E4CB4 /* Tasks.swift in Sources */ = {isa = PBXBuildFile; fileRef = 3AA4B23A257CECBB001E4CB4 /* Tasks.swift */; };
		3AA4B23F257CED11001E4CB4 /* RealmViewController.swift in Sources */ = {isa = PBXBuildFile; fileRef = 3AA4B23E257CED11001E4CB4 /* RealmViewController.swift */; };
		3AE44C2A257E2E6600B17C4A /* Person+CoreDataClass.swift in Sources */ = {isa = PBXBuildFile; fileRef = 3AE44C28257E2E6600B17C4A /* Person+CoreDataClass.swift */; };
		3AE44C2B257E2E6600B17C4A /* Person+CoreDataProperties.swift in Sources */ = {isa = PBXBuildFile; fileRef = 3AE44C29257E2E6600B17C4A /* Person+CoreDataProperties.swift */; };
		F2283E2ED90F249E790A3B7B /* Pods_dadaya.framework in Frameworks */ = {isa = PBXBuildFile; fileRef = F25EF34FB230137FCB01BEBF /* Pods_dadaya.framework */; };
/* End PBXBuildFile section */

/* Begin PBXFileReference section */
		3A3C5F48257CF24D007D3C83 /* CoreDataManager.swift */ = {isa = PBXFileReference; lastKnownFileType = sourcecode.swift; path = CoreDataManager.swift; sourceTree = "<group>"; };
		3A7E3FC5257FB5C900F89900 /* WeatherViewController.swift */ = {isa = PBXFileReference; lastKnownFileType = sourcecode.swift; name = WeatherViewController.swift; path = /Users/anton/Desktop/vev/dadaya/dadaya/WeatherViewController.swift; sourceTree = "<absolute>"; };
		3A7E3FCD257FB64800F89900 /* WeatherData.swift */ = {isa = PBXFileReference; lastKnownFileType = sourcecode.swift; path = WeatherData.swift; sourceTree = "<group>"; };
		3A99CCE82571152D0077D030 /* CoreViewController.swift */ = {isa = PBXFileReference; lastKnownFileType = sourcecode.swift; path = CoreViewController.swift; sourceTree = "<group>"; };
		3A9C3AD8257108DF00A3D051 /* dadaya.app */ = {isa = PBXFileReference; explicitFileType = wrapper.application; includeInIndex = 0; path = dadaya.app; sourceTree = BUILT_PRODUCTS_DIR; };
		3A9C3ADB257108DF00A3D051 /* AppDelegate.swift */ = {isa = PBXFileReference; lastKnownFileType = sourcecode.swift; path = AppDelegate.swift; sourceTree = "<group>"; };
		3A9C3ADD257108DF00A3D051 /* SceneDelegate.swift */ = {isa = PBXFileReference; lastKnownFileType = sourcecode.swift; path = SceneDelegate.swift; sourceTree = "<group>"; };
		3A9C3ADF257108DF00A3D051 /* ViewController.swift */ = {isa = PBXFileReference; lastKnownFileType = sourcecode.swift; path = ViewController.swift; sourceTree = "<group>"; };
		3A9C3AE2257108DF00A3D051 /* Base */ = {isa = PBXFileReference; lastKnownFileType = file.storyboard; name = Base; path = Base.lproj/Main.storyboard; sourceTree = "<group>"; };
		3A9C3AE5257108DF00A3D051 /* dadaya.xcdatamodel */ = {isa = PBXFileReference; lastKnownFileType = wrapper.xcdatamodel; path = dadaya.xcdatamodel; sourceTree = "<group>"; };
		3A9C3AE7257108E300A3D051 /* Assets.xcassets */ = {isa = PBXFileReference; lastKnownFileType = folder.assetcatalog; path = Assets.xcassets; sourceTree = "<group>"; };
		3A9C3AEA257108E300A3D051 /* Base */ = {isa = PBXFileReference; lastKnownFileType = file.storyboard; name = Base; path = Base.lproj/LaunchScreen.storyboard; sourceTree = "<group>"; };
		3A9C3AEC257108E300A3D051 /* Info.plist */ = {isa = PBXFileReference; lastKnownFileType = text.plist.xml; path = Info.plist; sourceTree = "<group>"; };
		3A9C3AF32571091400A3D051 /* UserDefaultsViewController.swift */ = {isa = PBXFileReference; lastKnownFileType = sourcecode.swift; path = UserDefaultsViewController.swift; sourceTree = "<group>"; };
		3A9C3AF62571092D00A3D051 /* Persistance.swift */ = {isa = PBXFileReference; lastKnownFileType = sourcecode.swift; path = Persistance.swift; sourceTree = "<group>"; };
		3AA4B23A257CECBB001E4CB4 /* Tasks.swift */ = {isa = PBXFileReference; lastKnownFileType = sourcecode.swift; path = Tasks.swift; sourceTree = "<group>"; };
		3AA4B23E257CED11001E4CB4 /* RealmViewController.swift */ = {isa = PBXFileReference; lastKnownFileType = sourcecode.swift; path = RealmViewController.swift; sourceTree = "<group>"; };
		3AE44C28257E2E6600B17C4A /* Person+CoreDataClass.swift */ = {isa = PBXFileReference; lastKnownFileType = sourcecode.swift; name = "Person+CoreDataClass.swift"; path = "/Users/anton/Desktop/vev/dadaya/dadaya/Person+CoreDataClass.swift"; sourceTree = "<absolute>"; };
		3AE44C29257E2E6600B17C4A /* Person+CoreDataProperties.swift */ = {isa = PBXFileReference; lastKnownFileType = sourcecode.swift; name = "Person+CoreDataProperties.swift"; path = "/Users/anton/Desktop/vev/dadaya/dadaya/Person+CoreDataProperties.swift"; sourceTree = "<absolute>"; };
		471BD40AB840F16F924FCEBD /* Pods-dadaya.debug.xcconfig */ = {isa = PBXFileReference; includeInIndex = 1; lastKnownFileType = text.xcconfig; name = "Pods-dadaya.debug.xcconfig"; path = "Target Support Files/Pods-dadaya/Pods-dadaya.debug.xcconfig"; sourceTree = "<group>"; };
		E18C22ED0480A2B983AC86D6 /* Pods-dadaya.release.xcconfig */ = {isa = PBXFileReference; includeInIndex = 1; lastKnownFileType = text.xcconfig; name = "Pods-dadaya.release.xcconfig"; path = "Target Support Files/Pods-dadaya/Pods-dadaya.release.xcconfig"; sourceTree = "<group>"; };
		F25EF34FB230137FCB01BEBF /* Pods_dadaya.framework */ = {isa = PBXFileReference; explicitFileType = wrapper.framework; includeInIndex = 0; path = Pods_dadaya.framework; sourceTree = BUILT_PRODUCTS_DIR; };
/* End PBXFileReference section */

/* Begin PBXFrameworksBuildPhase section */
		3A9C3AD5257108DF00A3D051 /* Frameworks */ = {
			isa = PBXFrameworksBuildPhase;
			buildActionMask = 2147483647;
			files = (
				F2283E2ED90F249E790A3B7B /* Pods_dadaya.framework in Frameworks */,
			);
			runOnlyForDeploymentPostprocessing = 0;
		};
/* End PBXFrameworksBuildPhase section */

/* Begin PBXGroup section */
		3A9C3ACF257108DF00A3D051 = {
			isa = PBXGroup;
			children = (
				3A9C3ADA257108DF00A3D051 /* dadaya */,
				3A9C3AD9257108DF00A3D051 /* Products */,
				A524D6E1904877025C8BB8DF /* Pods */,
				4E0ED549DE366967299BEDEA /* Frameworks */,
			);
			sourceTree = "<group>";
		};
		3A9C3AD9257108DF00A3D051 /* Products */ = {
			isa = PBXGroup;
			children = (
				3A9C3AD8257108DF00A3D051 /* dadaya.app */,
			);
			name = Products;
			sourceTree = "<group>";
		};
		3A9C3ADA257108DF00A3D051 /* dadaya */ = {
			isa = PBXGroup;
			children = (
				3A9C3ADB257108DF00A3D051 /* AppDelegate.swift */,
				3A9C3ADD257108DF00A3D051 /* SceneDelegate.swift */,
				3A9C3ADF257108DF00A3D051 /* ViewController.swift */,
				3A7E3FC5257FB5C900F89900 /* WeatherViewController.swift */,
				3A7E3FCD257FB64800F89900 /* WeatherData.swift */,
				3A9C3AF92571093600A3D051 /* UserDefaults */,
				3AA4B239257CEC89001E4CB4 /* Realm */,
				3AA4B237257CEC4B001E4CB4 /* CoreData */,
				3AA4B238257CEC5D001E4CB4 /* Storyboards */,
				3A9C3AE7257108E300A3D051 /* Assets.xcassets */,
				3A9C3AEC257108E300A3D051 /* Info.plist */,
				3A9C3AE4257108DF00A3D051 /* dadaya.xcdatamodeld */,
			);
			path = dadaya;
			sourceTree = "<group>";
		};
		3A9C3AF92571093600A3D051 /* UserDefaults */ = {
			isa = PBXGroup;
			children = (
				3A9C3AF32571091400A3D051 /* UserDefaultsViewController.swift */,
				3A9C3AF62571092D00A3D051 /* Persistance.swift */,
			);
			path = UserDefaults;
			sourceTree = "<group>";
		};
		3AA4B237257CEC4B001E4CB4 /* CoreData */ = {
			isa = PBXGroup;
			children = (
				3AE44C28257E2E6600B17C4A /* Person+CoreDataClass.swift */,
				3AE44C29257E2E6600B17C4A /* Person+CoreDataProperties.swift */,
				3A99CCE82571152D0077D030 /* CoreViewController.swift */,
				3A3C5F48257CF24D007D3C83 /* CoreDataManager.swift */,
			);
			path = CoreData;
			sourceTree = "<group>";
		};
		3AA4B238257CEC5D001E4CB4 /* Storyboards */ = {
			isa = PBXGroup;
			children = (
				3A9C3AE1257108DF00A3D051 /* Main.storyboard */,
				3A9C3AE9257108E300A3D051 /* LaunchScreen.storyboard */,
			);
			path = Storyboards;
			sourceTree = "<group>";
		};
		3AA4B239257CEC89001E4CB4 /* Realm */ = {
			isa = PBXGroup;
			children = (
				3AA4B23A257CECBB001E4CB4 /* Tasks.swift */,
				3AA4B23E257CED11001E4CB4 /* RealmViewController.swift */,
			);
			path = Realm;
			sourceTree = "<group>";
		};
		4E0ED549DE366967299BEDEA /* Frameworks */ = {
			isa = PBXGroup;
			children = (
				F25EF34FB230137FCB01BEBF /* Pods_dadaya.framework */,
			);
			name = Frameworks;
			sourceTree = "<group>";
		};
		A524D6E1904877025C8BB8DF /* Pods */ = {
			isa = PBXGroup;
			children = (
				471BD40AB840F16F924FCEBD /* Pods-dadaya.debug.xcconfig */,
				E18C22ED0480A2B983AC86D6 /* Pods-dadaya.release.xcconfig */,
			);
			path = Pods;
			sourceTree = "<group>";
		};
/* End PBXGroup section */

/* Begin PBXNativeTarget section */
		3A9C3AD7257108DF00A3D051 /* dadaya */ = {
			isa = PBXNativeTarget;
			buildConfigurationList = 3A9C3AEF257108E300A3D051 /* Build configuration list for PBXNativeTarget "dadaya" */;
			buildPhases = (
				7A44FF3EC3DC39708E7ACF49 /* [CP] Check Pods Manifest.lock */,
				3A9C3AD4257108DF00A3D051 /* Sources */,
				3A9C3AD5257108DF00A3D051 /* Frameworks */,
				3A9C3AD6257108DF00A3D051 /* Resources */,
				6F267B866BEFA79FB5F13E56 /* [CP] Embed Pods Frameworks */,
			);
			buildRules = (
			);
			dependencies = (
			);
			name = dadaya;
			productName = dadaya;
			productReference = 3A9C3AD8257108DF00A3D051 /* dadaya.app */;
			productType = "com.apple.product-type.application";
		};
/* End PBXNativeTarget section */

/* Begin PBXProject section */
		3A9C3AD0257108DF00A3D051 /* Project object */ = {
			isa = PBXProject;
			attributes = {
				LastSwiftUpdateCheck = 1220;
				LastUpgradeCheck = 1220;
				TargetAttributes = {
					3A9C3AD7257108DF00A3D051 = {
						CreatedOnToolsVersion = 12.2;
					};
				};
			};
			buildConfigurationList = 3A9C3AD3257108DF00A3D051 /* Build configuration list for PBXProject "dadaya" */;
			compatibilityVersion = "Xcode 9.3";
			developmentRegion = en;
			hasScannedForEncodings = 0;
			knownRegions = (
				en,
				Base,
			);
			mainGroup = 3A9C3ACF257108DF00A3D051;
			productRefGroup = 3A9C3AD9257108DF00A3D051 /* Products */;
			projectDirPath = "";
			projectRoot = "";
			targets = (
				3A9C3AD7257108DF00A3D051 /* dadaya */,
			);
		};
/* End PBXProject section */

/* Begin PBXResourcesBuildPhase section */
		3A9C3AD6257108DF00A3D051 /* Resources */ = {
			isa = PBXResourcesBuildPhase;
			buildActionMask = 2147483647;
			files = (
				3A3C5F46257CF0F3007D3C83 /* dadaya.xcdatamodeld in Resources */,
				3A9C3AEB257108E300A3D051 /* LaunchScreen.storyboard in Resources */,
				3A9C3AE8257108E300A3D051 /* Assets.xcassets in Resources */,
				3A9C3AE3257108DF00A3D051 /* Main.storyboard in Resources */,
			);
			runOnlyForDeploymentPostprocessing = 0;
		};
/* End PBXResourcesBuildPhase section */

/* Begin PBXShellScriptBuildPhase section */
		6F267B866BEFA79FB5F13E56 /* [CP] Embed Pods Frameworks */ = {
			isa = PBXShellScriptBuildPhase;
			buildActionMask = 2147483647;
			files = (
			);
			inputFileListPaths = (
				"${PODS_ROOT}/Target Support Files/Pods-dadaya/Pods-dadaya-frameworks-${CONFIGURATION}-input-files.xcfilelist",
			);
			name = "[CP] Embed Pods Frameworks";
			outputFileListPaths = (
				"${PODS_ROOT}/Target Support Files/Pods-dadaya/Pods-dadaya-frameworks-${CONFIGURATION}-output-files.xcfilelist",
			);
			runOnlyForDeploymentPostprocessing = 0;
			shellPath = /bin/sh;
			shellScript = "\"${PODS_ROOT}/Target Support Files/Pods-dadaya/Pods-dadaya-frameworks.sh\"\n";
			showEnvVarsInLog = 0;
		};
		7A44FF3EC3DC39708E7ACF49 /* [CP] Check Pods Manifest.lock */ = {
			isa = PBXShellScriptBuildPhase;
			buildActionMask = 2147483647;
			files = (
			);
			inputFileListPaths = (
			);
			inputPaths = (
				"${PODS_PODFILE_DIR_PATH}/Podfile.lock",
				"${PODS_ROOT}/Manifest.lock",
			);
			name = "[CP] Check Pods Manifest.lock";
			outputFileListPaths = (
			);
			outputPaths = (
				"$(DERIVED_FILE_DIR)/Pods-dadaya-checkManifestLockResult.txt",
			);
			runOnlyForDeploymentPostprocessing = 0;
			shellPath = /bin/sh;
			shellScript = "diff \"${PODS_PODFILE_DIR_PATH}/Podfile.lock\" \"${PODS_ROOT}/Manifest.lock\" > /dev/null\nif [ $? != 0 ] ; then\n    # print error to STDERR\n    echo \"error: The sandbox is not in sync with the Podfile.lock. Run 'pod install' or update your CocoaPods installation.\" >&2\n    exit 1\nfi\n# This output is used by Xcode 'outputs' to avoid re-running this script phase.\necho \"SUCCESS\" > \"${SCRIPT_OUTPUT_FILE_0}\"\n";
			showEnvVarsInLog = 0;
		};
/* End PBXShellScriptBuildPhase section */

/* Begin PBXSourcesBuildPhase section */
		3A9C3AD4257108DF00A3D051 /* Sources */ = {
			isa = PBXSourcesBuildPhase;
			buildActionMask = 2147483647;
			files = (
				3AA4B23B257CECBB001E4CB4 /* Tasks.swift in Sources */,
				3A7E3FC6257FB5C900F89900 /* WeatherViewController.swift in Sources */,
				3A9C3AE0257108DF00A3D051 /* ViewController.swift in Sources */,
				3AE44C2A257E2E6600B17C4A /* Person+CoreDataClass.swift in Sources */,
				3A9C3ADC257108DF00A3D051 /* AppDelegate.swift in Sources */,
				3A99CCE92571152D0077D030 /* CoreViewController.swift in Sources */,
				3AA4B23F257CED11001E4CB4 /* RealmViewController.swift in Sources */,
				3A9C3AF42571091400A3D051 /* UserDefaultsViewController.swift in Sources */,
				3A3C5F49257CF24D007D3C83 /* CoreDataManager.swift in Sources */,
				3A9C3ADE257108DF00A3D051 /* SceneDelegate.swift in Sources */,
				3A9C3AF72571092D00A3D051 /* Persistance.swift in Sources */,
				3AE44C2B257E2E6600B17C4A /* Person+CoreDataProperties.swift in Sources */,
				3A7E3FCE257FB64800F89900 /* WeatherData.swift in Sources */,
			);
			runOnlyForDeploymentPostprocessing = 0;
		};
/* End PBXSourcesBuildPhase section */

/* Begin PBXVariantGroup section */
		3A9C3AE1257108DF00A3D051 /* Main.storyboard */ = {
			isa = PBXVariantGroup;
			children = (
				3A9C3AE2257108DF00A3D051 /* Base */,
			);
			name = Main.storyboard;
			sourceTree = "<group>";
		};
		3A9C3AE9257108E300A3D051 /* LaunchScreen.storyboard */ = {
			isa = PBXVariantGroup;
			children = (
				3A9C3AEA257108E300A3D051 /* Base */,
			);
			name = LaunchScreen.storyboard;
			sourceTree = "<group>";
		};
/* End PBXVariantGroup section */

/* Begin XCBuildConfiguration section */
		3A9C3AED257108E300A3D051 /* Debug */ = {
			isa = XCBuildConfiguration;
			buildSettings = {
				ALWAYS_SEARCH_USER_PATHS = NO;
				CLANG_ANALYZER_NONNULL = YES;
				CLANG_ANALYZER_NUMBER_OBJECT_CONVERSION = YES_AGGRESSIVE;
				CLANG_CXX_LANGUAGE_STANDARD = "gnu++14";
				CLANG_CXX_LIBRARY = "libc++";
				CLANG_ENABLE_MODULES = YES;
				CLANG_ENABLE_OBJC_ARC = YES;
				CLANG_ENABLE_OBJC_WEAK = YES;
				CLANG_WARN_BLOCK_CAPTURE_AUTORELEASING = YES;
				CLANG_WARN_BOOL_CONVERSION = YES;
				CLANG_WARN_COMMA = YES;
				CLANG_WARN_CONSTANT_CONVERSION = YES;
				CLANG_WARN_DEPRECATED_OBJC_IMPLEMENTATIONS = YES;
				CLANG_WARN_DIRECT_OBJC_ISA_USAGE = YES_ERROR;
				CLANG_WARN_DOCUMENTATION_COMMENTS = YES;
				CLANG_WARN_EMPTY_BODY = YES;
				CLANG_WARN_ENUM_CONVERSION = YES;
				CLANG_WARN_INFINITE_RECURSION = YES;
				CLANG_WARN_INT_CONVERSION = YES;
				CLANG_WARN_NON_LITERAL_NULL_CONVERSION = YES;
				CLANG_WARN_OBJC_IMPLICIT_RETAIN_SELF = YES;
				CLANG_WARN_OBJC_LITERAL_CONVERSION = YES;
				CLANG_WARN_OBJC_ROOT_CLASS = YES_ERROR;
				CLANG_WARN_QUOTED_INCLUDE_IN_FRAMEWORK_HEADER = YES;
				CLANG_WARN_RANGE_LOOP_ANALYSIS = YES;
				CLANG_WARN_STRICT_PROTOTYPES = YES;
				CLANG_WARN_SUSPICIOUS_MOVE = YES;
				CLANG_WARN_UNGUARDED_AVAILABILITY = YES_AGGRESSIVE;
				CLANG_WARN_UNREACHABLE_CODE = YES;
				CLANG_WARN__DUPLICATE_METHOD_MATCH = YES;
				COPY_PHASE_STRIP = NO;
				DEBUG_INFORMATION_FORMAT = dwarf;
				ENABLE_STRICT_OBJC_MSGSEND = YES;
				ENABLE_TESTABILITY = YES;
				GCC_C_LANGUAGE_STANDARD = gnu11;
				GCC_DYNAMIC_NO_PIC = NO;
				GCC_NO_COMMON_BLOCKS = YES;
				GCC_OPTIMIZATION_LEVEL = 0;
				GCC_PREPROCESSOR_DEFINITIONS = (
					"DEBUG=1",
					"$(inherited)",
				);
				GCC_WARN_64_TO_32_BIT_CONVERSION = YES;
				GCC_WARN_ABOUT_RETURN_TYPE = YES_ERROR;
				GCC_WARN_UNDECLARED_SELECTOR = YES;
				GCC_WARN_UNINITIALIZED_AUTOS = YES_AGGRESSIVE;
				GCC_WARN_UNUSED_FUNCTION = YES;
				GCC_WARN_UNUSED_VARIABLE = YES;
				IPHONEOS_DEPLOYMENT_TARGET = 14.2;
				MTL_ENABLE_DEBUG_INFO = INCLUDE_SOURCE;
				MTL_FAST_MATH = YES;
				ONLY_ACTIVE_ARCH = YES;
				SDKROOT = iphoneos;
				SWIFT_ACTIVE_COMPILATION_CONDITIONS = DEBUG;
				SWIFT_OPTIMIZATION_LEVEL = "-Onone";
			};
			name = Debug;
		};
		3A9C3AEE257108E300A3D051 /* Release */ = {
			isa = XCBuildConfiguration;
			buildSettings = {
				ALWAYS_SEARCH_USER_PATHS = NO;
				CLANG_ANALYZER_NONNULL = YES;
				CLANG_ANALYZER_NUMBER_OBJECT_CONVERSION = YES_AGGRESSIVE;
				CLANG_CXX_LANGUAGE_STANDARD = "gnu++14";
				CLANG_CXX_LIBRARY = "libc++";
				CLANG_ENABLE_MODULES = YES;
				CLANG_ENABLE_OBJC_ARC = YES;
				CLANG_ENABLE_OBJC_WEAK = YES;
				CLANG_WARN_BLOCK_CAPTURE_AUTORELEASING = YES;
				CLANG_WARN_BOOL_CONVERSION = YES;
				CLANG_WARN_COMMA = YES;
				CLANG_WARN_CONSTANT_CONVERSION = YES;
				CLANG_WARN_DEPRECATED_OBJC_IMPLEMENTATIONS = YES;
				CLANG_WARN_DIRECT_OBJC_ISA_USAGE = YES_ERROR;
				CLANG_WARN_DOCUMENTATION_COMMENTS = YES;
				CLANG_WARN_EMPTY_BODY = YES;
				CLANG_WARN_ENUM_CONVERSION = YES;
				CLANG_WARN_INFINITE_RECURSION = YES;
				CLANG_WARN_INT_CONVERSION = YES;
				CLANG_WARN_NON_LITERAL_NULL_CONVERSION = YES;
				CLANG_WARN_OBJC_IMPLICIT_RETAIN_SELF = YES;
				CLANG_WARN_OBJC_LITERAL_CONVERSION = YES;
				CLANG_WARN_OBJC_ROOT_CLASS = YES_ERROR;
				CLANG_WARN_QUOTED_INCLUDE_IN_FRAMEWORK_HEADER = YES;
				CLANG_WARN_RANGE_LOOP_ANALYSIS = YES;
				CLANG_WARN_STRICT_PROTOTYPES = YES;
				CLANG_WARN_SUSPICIOUS_MOVE = YES;
				CLANG_WARN_UNGUARDED_AVAILABILITY = YES_AGGRESSIVE;
				CLANG_WARN_UNREACHABLE_CODE = YES;
				CLANG_WARN__DUPLICATE_METHOD_MATCH = YES;
				COPY_PHASE_STRIP = NO;
				DEBUG_INFORMATION_FORMAT = "dwarf-with-dsym";
				ENABLE_NS_ASSERTIONS = NO;
				ENABLE_STRICT_OBJC_MSGSEND = YES;
				GCC_C_LANGUAGE_STANDARD = gnu11;
				GCC_NO_COMMON_BLOCKS = YES;
				GCC_WARN_64_TO_32_BIT_CONVERSION = YES;
				GCC_WARN_ABOUT_RETURN_TYPE = YES_ERROR;
				GCC_WARN_UNDECLARED_SELECTOR = YES;
				GCC_WARN_UNINITIALIZED_AUTOS = YES_AGGRESSIVE;
				GCC_WARN_UNUSED_FUNCTION = YES;
				GCC_WARN_UNUSED_VARIABLE = YES;
				IPHONEOS_DEPLOYMENT_TARGET = 14.2;
				MTL_ENABLE_DEBUG_INFO = NO;
				MTL_FAST_MATH = YES;
				SDKROOT = iphoneos;
				SWIFT_COMPILATION_MODE = wholemodule;
				SWIFT_OPTIMIZATION_LEVEL = "-O";
				VALIDATE_PRODUCT = YES;
			};
			name = Release;
		};
		3A9C3AF0257108E300A3D051 /* Debug */ = {
			isa = XCBuildConfiguration;
			baseConfigurationReference = 471BD40AB840F16F924FCEBD /* Pods-dadaya.debug.xcconfig */;
			buildSettings = {
				ASSETCATALOG_COMPILER_APPICON_NAME = AppIcon;
				ASSETCATALOG_COMPILER_GLOBAL_ACCENT_COLOR_NAME = AccentColor;
				CODE_SIGN_STYLE = Automatic;
				DEVELOPMENT_TEAM = 8YPQVND2MZ;
				INFOPLIST_FILE = dadaya/Info.plist;
				LD_RUNPATH_SEARCH_PATHS = (
					"$(inherited)",
					"@executable_path/Frameworks",
				);
				PRODUCT_BUNDLE_IDENTIFIER = set.dadaya;
				PRODUCT_NAME = "$(TARGET_NAME)";
				SWIFT_VERSION = 5.0;
				TARGETED_DEVICE_FAMILY = "1,2";
			};
			name = Debug;
		};
		3A9C3AF1257108E300A3D051 /* Release */ = {
			isa = XCBuildConfiguration;
			baseConfigurationReference = E18C22ED0480A2B983AC86D6 /* Pods-dadaya.release.xcconfig */;
			buildSettings = {
				ASSETCATALOG_COMPILER_APPICON_NAME = AppIcon;
				ASSETCATALOG_COMPILER_GLOBAL_ACCENT_COLOR_NAME = AccentColor;
				CODE_SIGN_STYLE = Automatic;
				DEVELOPMENT_TEAM = 8YPQVND2MZ;
				INFOPLIST_FILE = dadaya/Info.plist;
				LD_RUNPATH_SEARCH_PATHS = (
					"$(inherited)",
					"@executable_path/Frameworks",
				);
				PRODUCT_BUNDLE_IDENTIFIER = set.dadaya;
				PRODUCT_NAME = "$(TARGET_NAME)";
				SWIFT_VERSION = 5.0;
				TARGETED_DEVICE_FAMILY = "1,2";
			};
			name = Release;
		};
/* End XCBuildConfiguration section */

/* Begin XCConfigurationList section */
		3A9C3AD3257108DF00A3D051 /* Build configuration list for PBXProject "dadaya" */ = {
			isa = XCConfigurationList;
			buildConfigurations = (
				3A9C3AED257108E300A3D051 /* Debug */,
				3A9C3AEE257108E300A3D051 /* Release */,
			);
			defaultConfigurationIsVisible = 0;
			defaultConfigurationName = Release;
		};
		3A9C3AEF257108E300A3D051 /* Build configuration list for PBXNativeTarget "dadaya" */ = {
			isa = XCConfigurationList;
			buildConfigurations = (
				3A9C3AF0257108E300A3D051 /* Debug */,
				3A9C3AF1257108E300A3D051 /* Release */,
			);
			defaultConfigurationIsVisible = 0;
			defaultConfigurationName = Release;
		};
/* End XCConfigurationList section */

/* Begin XCVersionGroup section */
		3A9C3AE4257108DF00A3D051 /* dadaya.xcdatamodeld */ = {
			isa = XCVersionGroup;
			children = (
				3A9C3AE5257108DF00A3D051 /* dadaya.xcdatamodel */,
			);
			currentVersion = 3A9C3AE5257108DF00A3D051 /* dadaya.xcdatamodel */;
			path = dadaya.xcdatamodeld;
			sourceTree = "<group>";
			versionGroupType = wrapper.xcdatamodel;
		};
/* End XCVersionGroup section */
	};
	rootObject = 3A9C3AD0257108DF00A3D051 /* Project object */;
}
